
Microsoft Visual Studio Solution File, Format Version 12.00
# Visual Studio 2013
VisualStudioVersion = 12.0.30723.0
MinimumVisualStudioVersion = 10.0.40219.1
Project("{E24C65DC-7377-472B-9ABA-BC803B73C61A}") = "Desai_Ecom1", "http://localhost:3604", "{6BDB8EA0-235E-471D-B77C-6582A8588101}"
	ProjectSection(WebsiteProperties) = preProject
		UseIISExpress = "true"
		TargetFrameworkMoniker = ".NETFramework,Version%3Dv4.5.1"
		Debug.AspNetCompiler.VirtualPath = "/localhost_3604"
		Debug.AspNetCompiler.PhysicalPath = "F:\Desai_Ecom1\"
		Debug.AspNetCompiler.TargetPath = "PrecompiledWeb\localhost_3604\"
		Debug.AspNetCompiler.Updateable = "true"
		Debug.AspNetCompiler.ForceOverwrite = "true"
		Debug.AspNetCompiler.FixedNames = "false"
		Debug.AspNetCompiler.Debug = "True"
		Release.AspNetCompiler.VirtualPath = "/localhost_3604"
		Release.AspNetCompiler.PhysicalPath = "F:\Desai_Ecom1\"
		Release.AspNetCompiler.TargetPath = "PrecompiledWeb\localhost_3604\"
		Release.AspNetCompiler.Updateable = "true"
		Release.AspNetCompiler.ForceOverwrite = "true"
		Release.AspNetCompiler.FixedNames = "false"
		Release.AspNetCompiler.Debug = "False"
		SlnRelativePath = "F:\Desai_Ecom1\"
		DefaultWebSiteLanguage = "Visual Basic"
	EndProjectSection
EndProject
Project("{FAE04EC0-301F-11D3-BF4B-00C04F79EFBC}") = "OLayer", "OLayer\OLayer.csproj", "{FC75FE2D-6F0F-4210-8B08-0774871B5CC8}"
EndProject
Project("{FAE04EC0-301F-11D3-BF4B-00C04F79EFBC}") = "BLayer", "BLayer\BLayer.csproj", "{1C1D4818-A531-4E29-AF1D-7DFAAF70AF8B}"
EndProject
Project("{FAE04EC0-301F-11D3-BF4B-00C04F79EFBC}") = "DLayer", "DLayer\DLayer.csproj", "{36D7300A-4FD8-4ACB-BCBC-86452386A008}"
EndProject
Global
	GlobalSection(SolutionConfigurationPlatforms) = preSolution
		Debug|Any CPU = Debug|Any CPU
		Release|Any CPU = Release|Any CPU
	EndGlobalSection
	GlobalSection(ProjectConfigurationPlatforms) = postSolution
		{6BDB8EA0-235E-471D-B77C-6582A8588101}.Debug|Any CPU.ActiveCfg = Debug|Any CPU
		{6BDB8EA0-235E-471D-B77C-6582A8588101}.Debug|Any CPU.Build.0 = Debug|Any CPU
		{6BDB8EA0-235E-471D-B77C-6582A8588101}.Release|Any CPU.ActiveCfg = Debug|Any CPU
		{6BDB8EA0-235E-471D-B77C-6582A8588101}.Release|Any CPU.Build.0 = Debug|Any CPU
		{FC75FE2D-6F0F-4210-8B08-0774871B5CC8}.Debug|Any CPU.ActiveCfg = Debug|Any CPU
		{FC75FE2D-6F0F-4210-8B08-0774871B5CC8}.Debug|Any CPU.Build.0 = Debug|Any CPU
		{FC75FE2D-6F0F-4210-8B08-0774871B5CC8}.Release|Any CPU.ActiveCfg = Release|Any CPU
		{FC75FE2D-6F0F-4210-8B08-0774871B5CC8}.Release|Any CPU.Build.0 = Release|Any CPU
		{1C1D4818-A531-4E29-AF1D-7DFAAF70AF8B}.Debug|Any CPU.ActiveCfg = Debug|Any CPU
		{1C1D4818-A531-4E29-AF1D-7DFAAF70AF8B}.Debug|Any CPU.Build.0 = Debug|Any CPU
		{1C1D4818-A531-4E29-AF1D-7DFAAF70AF8B}.Release|Any CPU.ActiveCfg = Release|Any CPU
		{1C1D4818-A531-4E29-AF1D-7DFAAF70AF8B}.Release|Any CPU.Build.0 = Release|Any CPU
		{36D7300A-4FD8-4ACB-BCBC-86452386A008}.Debug|Any CPU.ActiveCfg = Debug|Any CPU
		{36D7300A-4FD8-4ACB-BCBC-86452386A008}.Debug|Any CPU.Build.0 = Debug|Any CPU
		{36D7300A-4FD8-4ACB-BCBC-86452386A008}.Release|Any CPU.ActiveCfg = Release|Any CPU
		{36D7300A-4FD8-4ACB-BCBC-86452386A008}.Release|Any CPU.Build.0 = Release|Any CPU
	EndGlobalSection
	GlobalSection(SolutionProperties) = preSolution
		HideSolutionNode = FALSE
	EndGlobalSection
EndGlobal
